// !$*UTF8*$!
{
	archiveVersion = 1;
	classes = {
	};
	objectVersion = 46;
	objects = {

/* Begin PBXBuildFile section */
		1D3623260D0F684500981E51 /* iPhoneGeocodingServicesAppDelegate.m in Sources */ = {isa = PBXBuildFile; fileRef = 1D3623250D0F684500981E51 /* iPhoneGeocodingServicesAppDelegate.m */; };
		1D60589B0D05DD56006BFB54 /* main.m in Sources */ = {isa = PBXBuildFile; fileRef = 29B97316FDCFA39411CA2CEA /* main.m */; };
		1D60589F0D05DD5A006BFB54 /* Foundation.framework in Frameworks */ = {isa = PBXBuildFile; fileRef = 1D30AB110D05D00D00671497 /* Foundation.framework */; };
		1DF5F4E00D08C38300B7A737 /* UIKit.framework in Frameworks */ = {isa = PBXBuildFile; fileRef = 1DF5F4DF0D08C38300B7A737 /* UIKit.framework */; };
		288765A50DF7441C002DB57D /* CoreGraphics.framework in Frameworks */ = {isa = PBXBuildFile; fileRef = 288765A40DF7441C002DB57D /* CoreGraphics.framework */; };
		28AD733F0D9D9553002E5188 /* MainWindow.xib in Resources */ = {isa = PBXBuildFile; fileRef = 28AD733E0D9D9553002E5188 /* MainWindow.xib */; };
		D05256F814429E9D003C300B /* MJPlacesFinder.m in Sources */ = {isa = PBXBuildFile; fileRef = D05256F714429E9D003C300B /* MJPlacesFinder.m */; };
		D05257041442A84F003C300B /* Place.m in Sources */ = {isa = PBXBuildFile; fileRef = D05257031442A84F003C300B /* Place.m */; };
		D05257141442B1ED003C300B /* iPhoneGeocodingServicesViewController.m in Sources */ = {isa = PBXBuildFile; fileRef = D05257121442B1ED003C300B /* iPhoneGeocodingServicesViewController.m */; };
		D05257151442B1ED003C300B /* iPhoneGeocodingServicesViewController.xib in Resources */ = {isa = PBXBuildFile; fileRef = D05257131442B1ED003C300B /* iPhoneGeocodingServicesViewController.xib */; };
		D096DD0214449CE300347A11 /* Icon@2x.png in Resources */ = {isa = PBXBuildFile; fileRef = D096DD0114449CE300347A11 /* Icon@2x.png */; };
		D0CD0229131A30260089C6F7 /* CoreLocation.framework in Frameworks */ = {isa = PBXBuildFile; fileRef = D0CD0228131A30260089C6F7 /* CoreLocation.framework */; };
		D0CD029D131A30700089C6F7 /* NSObject+SBJSON.m in Sources */ = {isa = PBXBuildFile; fileRef = D0CD0290131A30700089C6F7 /* NSObject+SBJSON.m */; };
		D0CD029E131A30700089C6F7 /* NSString+SBJSON.m in Sources */ = {isa = PBXBuildFile; fileRef = D0CD0292131A30700089C6F7 /* NSString+SBJSON.m */; };
		D0CD029F131A30700089C6F7 /* SBJsonBase.m in Sources */ = {isa = PBXBuildFile; fileRef = D0CD0294131A30700089C6F7 /* SBJsonBase.m */; };
		D0CD02A0131A30700089C6F7 /* SBJsonParser.m in Sources */ = {isa = PBXBuildFile; fileRef = D0CD0296131A30700089C6F7 /* SBJsonParser.m */; };
		D0CD02A1131A30700089C6F7 /* SBJsonWriter.m in Sources */ = {isa = PBXBuildFile; fileRef = D0CD0298131A30700089C6F7 /* SBJsonWriter.m */; };
		D0CD02A2131A30700089C6F7 /* MJGeocoder.m in Sources */ = {isa = PBXBuildFile; fileRef = D0CD029A131A30700089C6F7 /* MJGeocoder.m */; };
		D0CD02A3131A30700089C6F7 /* MJReverseGeocoder.m in Sources */ = {isa = PBXBuildFile; fileRef = D0CD029C131A30700089C6F7 /* MJReverseGeocoder.m */; };
		D0CD02BF131A32FF0089C6F7 /* Address.m in Sources */ = {isa = PBXBuildFile; fileRef = D0CD02BE131A32FF0089C6F7 /* Address.m */; };
/* End PBXBuildFile section */

/* Begin PBXFileReference section */
		1D30AB110D05D00D00671497 /* Foundation.framework */ = {isa = PBXFileReference; lastKnownFileType = wrapper.framework; name = Foundation.framework; path = System/Library/Frameworks/Foundation.framework; sourceTree = SDKROOT; };
		1D3623240D0F684500981E51 /* iPhoneGeocodingServicesAppDelegate.h */ = {isa = PBXFileReference; fileEncoding = 4; lastKnownFileType = sourcecode.c.h; path = iPhoneGeocodingServicesAppDelegate.h; sourceTree = "<group>"; };
		1D3623250D0F684500981E51 /* iPhoneGeocodingServicesAppDelegate.m */ = {isa = PBXFileReference; fileEncoding = 4; lastKnownFileType = sourcecode.c.objc; path = iPhoneGeocodingServicesAppDelegate.m; sourceTree = "<group>"; };
		1D6058910D05DD3D006BFB54 /* iPhoneGeocodingServices.app */ = {isa = PBXFileReference; explicitFileType = wrapper.application; includeInIndex = 0; path = iPhoneGeocodingServices.app; sourceTree = BUILT_PRODUCTS_DIR; };
		1DF5F4DF0D08C38300B7A737 /* UIKit.framework */ = {isa = PBXFileReference; lastKnownFileType = wrapper.framework; name = UIKit.framework; path = System/Library/Frameworks/UIKit.framework; sourceTree = SDKROOT; };
		288765A40DF7441C002DB57D /* CoreGraphics.framework */ = {isa = PBXFileReference; lastKnownFileType = wrapper.framework; name = CoreGraphics.framework; path = System/Library/Frameworks/CoreGraphics.framework; sourceTree = SDKROOT; };
		28AD733E0D9D9553002E5188 /* MainWindow.xib */ = {isa = PBXFileReference; lastKnownFileType = file.xib; path = MainWindow.xib; sourceTree = "<group>"; };
		29B97316FDCFA39411CA2CEA /* main.m */ = {isa = PBXFileReference; fileEncoding = 4; lastKnownFileType = sourcecode.c.objc; path = main.m; sourceTree = "<group>"; };
		32CA4F630368D1EE00C91783 /* iPhoneGeocodingServices_Prefix.pch */ = {isa = PBXFileReference; fileEncoding = 4; lastKnownFileType = sourcecode.c.h; path = iPhoneGeocodingServices_Prefix.pch; sourceTree = "<group>"; };
		8D1107310486CEB800E47090 /* iPhoneGeocodingServices-Info.plist */ = {isa = PBXFileReference; fileEncoding = 4; lastKnownFileType = text.plist.xml; path = "iPhoneGeocodingServices-Info.plist"; plistStructureDefinitionIdentifier = "com.apple.xcode.plist.structure-definition.iphone.info-plist"; sourceTree = "<group>"; };
		D05256F614429E9D003C300B /* MJPlacesFinder.h */ = {isa = PBXFileReference; fileEncoding = 4; lastKnownFileType = sourcecode.c.h; path = MJPlacesFinder.h; sourceTree = "<group>"; };
		D05256F714429E9D003C300B /* MJPlacesFinder.m */ = {isa = PBXFileReference; fileEncoding = 4; lastKnownFileType = sourcecode.c.objc; path = MJPlacesFinder.m; sourceTree = "<group>"; };
		D05257021442A84F003C300B /* Place.h */ = {isa = PBXFileReference; fileEncoding = 4; lastKnownFileType = sourcecode.c.h; path = Place.h; sourceTree = "<group>"; };
		D05257031442A84F003C300B /* Place.m */ = {isa = PBXFileReference; fileEncoding = 4; lastKnownFileType = sourcecode.c.objc; path = Place.m; sourceTree = "<group>"; };
		D05257111442B1EC003C300B /* iPhoneGeocodingServicesViewController.h */ = {isa = PBXFileReference; fileEncoding = 4; lastKnownFileType = sourcecode.c.h; path = iPhoneGeocodingServicesViewController.h; sourceTree = "<group>"; };
		D05257121442B1ED003C300B /* iPhoneGeocodingServicesViewController.m */ = {isa = PBXFileReference; fileEncoding = 4; lastKnownFileType = sourcecode.c.objc; path = iPhoneGeocodingServicesViewController.m; sourceTree = "<group>"; };
		D05257131442B1ED003C300B /* iPhoneGeocodingServicesViewController.xib */ = {isa = PBXFileReference; fileEncoding = 4; lastKnownFileType = file.xib; name = iPhoneGeocodingServicesViewController.xib; path = Classes/iPhoneGeocodingServicesViewController.xib; sourceTree = "<group>"; };
		D096DD0114449CE300347A11 /* Icon@2x.png */ = {isa = PBXFileReference; lastKnownFileType = image.png; path = "Icon@2x.png"; sourceTree = "<group>"; };
		D0CD0228131A30260089C6F7 /* CoreLocation.framework */ = {isa = PBXFileReference; lastKnownFileType = wrapper.framework; name = CoreLocation.framework; path = System/Library/Frameworks/CoreLocation.framework; sourceTree = SDKROOT; };
		D0CD028C131A30700089C6F7 /* MJGeocodingServices.h */ = {isa = PBXFileReference; fileEncoding = 4; lastKnownFileType = sourcecode.c.h; path = MJGeocodingServices.h; sourceTree = "<group>"; };
		D0CD028E131A30700089C6F7 /* JSON.h */ = {isa = PBXFileReference; fileEncoding = 4; lastKnownFileType = sourcecode.c.h; path = JSON.h; sourceTree = "<group>"; };
		D0CD028F131A30700089C6F7 /* NSObject+SBJSON.h */ = {isa = PBXFileReference; fileEncoding = 4; lastKnownFileType = sourcecode.c.h; path = "NSObject+SBJSON.h"; sourceTree = "<group>"; };
		D0CD0290131A30700089C6F7 /* NSObject+SBJSON.m */ = {isa = PBXFileReference; fileEncoding = 4; lastKnownFileType = sourcecode.c.objc; path = "NSObject+SBJSON.m"; sourceTree = "<group>"; };
		D0CD0291131A30700089C6F7 /* NSString+SBJSON.h */ = {isa = PBXFileReference; fileEncoding = 4; lastKnownFileType = sourcecode.c.h; path = "NSString+SBJSON.h"; sourceTree = "<group>"; };
		D0CD0292131A30700089C6F7 /* NSString+SBJSON.m */ = {isa = PBXFileReference; fileEncoding = 4; lastKnownFileType = sourcecode.c.objc; path = "NSString+SBJSON.m"; sourceTree = "<group>"; };
		D0CD0293131A30700089C6F7 /* SBJsonBase.h */ = {isa = PBXFileReference; fileEncoding = 4; lastKnownFileType = sourcecode.c.h; path = SBJsonBase.h; sourceTree = "<group>"; };
		D0CD0294131A30700089C6F7 /* SBJsonBase.m */ = {isa = PBXFileReference; fileEncoding = 4; lastKnownFileType = sourcecode.c.objc; path = SBJsonBase.m; sourceTree = "<group>"; };
		D0CD0295131A30700089C6F7 /* SBJsonParser.h */ = {isa = PBXFileReference; fileEncoding = 4; lastKnownFileType = sourcecode.c.h; path = SBJsonParser.h; sourceTree = "<group>"; };
		D0CD0296131A30700089C6F7 /* SBJsonParser.m */ = {isa = PBXFileReference; fileEncoding = 4; lastKnownFileType = sourcecode.c.objc; path = SBJsonParser.m; sourceTree = "<group>"; };
		D0CD0297131A30700089C6F7 /* SBJsonWriter.h */ = {isa = PBXFileReference; fileEncoding = 4; lastKnownFileType = sourcecode.c.h; path = SBJsonWriter.h; sourceTree = "<group>"; };
		D0CD0298131A30700089C6F7 /* SBJsonWriter.m */ = {isa = PBXFileReference; fileEncoding = 4; lastKnownFileType = sourcecode.c.objc; path = SBJsonWriter.m; sourceTree = "<group>"; };
		D0CD0299131A30700089C6F7 /* MJGeocoder.h */ = {isa = PBXFileReference; fileEncoding = 4; lastKnownFileType = sourcecode.c.h; path = MJGeocoder.h; sourceTree = "<group>"; };
		D0CD029A131A30700089C6F7 /* MJGeocoder.m */ = {isa = PBXFileReference; fileEncoding = 4; lastKnownFileType = sourcecode.c.objc; path = MJGeocoder.m; sourceTree = "<group>"; };
		D0CD029B131A30700089C6F7 /* MJReverseGeocoder.h */ = {isa = PBXFileReference; fileEncoding = 4; lastKnownFileType = sourcecode.c.h; path = MJReverseGeocoder.h; sourceTree = "<group>"; };
		D0CD029C131A30700089C6F7 /* MJReverseGeocoder.m */ = {isa = PBXFileReference; fileEncoding = 4; lastKnownFileType = sourcecode.c.objc; path = MJReverseGeocoder.m; sourceTree = "<group>"; };
		D0CD02BD131A32FF0089C6F7 /* Address.h */ = {isa = PBXFileReference; fileEncoding = 4; lastKnownFileType = sourcecode.c.h; path = Address.h; sourceTree = "<group>"; };
		D0CD02BE131A32FF0089C6F7 /* Address.m */ = {isa = PBXFileReference; fileEncoding = 4; lastKnownFileType = sourcecode.c.objc; path = Address.m; sourceTree = "<group>"; };
/* End PBXFileReference section */

/* Begin PBXFrameworksBuildPhase section */
		1D60588F0D05DD3D006BFB54 /* Frameworks */ = {
			isa = PBXFrameworksBuildPhase;
			buildActionMask = 2147483647;
			files = (
				1D60589F0D05DD5A006BFB54 /* Foundation.framework in Frameworks */,
				1DF5F4E00D08C38300B7A737 /* UIKit.framework in Frameworks */,
				288765A50DF7441C002DB57D /* CoreGraphics.framework in Frameworks */,
				D0CD0229131A30260089C6F7 /* CoreLocation.framework in Frameworks */,
			);
			runOnlyForDeploymentPostprocessing = 0;
		};
/* End PBXFrameworksBuildPhase section */

/* Begin PBXGroup section */
		080E96DDFE201D6D7F000001 /* Classes */ = {
			isa = PBXGroup;
			children = (
				D0CD02A4131A307B0089C6F7 /* MJGeocodingServices */,
				1D3623240D0F684500981E51 /* iPhoneGeocodingServicesAppDelegate.h */,
				1D3623250D0F684500981E51 /* iPhoneGeocodingServicesAppDelegate.m */,
				D05257111442B1EC003C300B /* iPhoneGeocodingServicesViewController.h */,
				D05257121442B1ED003C300B /* iPhoneGeocodingServicesViewController.m */,
			);
			path = Classes;
			sourceTree = "<group>";
		};
		19C28FACFE9D520D11CA2CBB /* Products */ = {
			isa = PBXGroup;
			children = (
				1D6058910D05DD3D006BFB54 /* iPhoneGeocodingServices.app */,
			);
			name = Products;
			sourceTree = "<group>";
		};
		29B97314FDCFA39411CA2CEA /* CustomTemplate */ = {
			isa = PBXGroup;
			children = (
				080E96DDFE201D6D7F000001 /* Classes */,
				29B97315FDCFA39411CA2CEA /* Other Sources */,
				29B97317FDCFA39411CA2CEA /* Resources */,
				29B97323FDCFA39411CA2CEA /* Frameworks */,
				19C28FACFE9D520D11CA2CBB /* Products */,
			);
			name = CustomTemplate;
			sourceTree = "<group>";
		};
		29B97315FDCFA39411CA2CEA /* Other Sources */ = {
			isa = PBXGroup;
			children = (
				32CA4F630368D1EE00C91783 /* iPhoneGeocodingServices_Prefix.pch */,
				29B97316FDCFA39411CA2CEA /* main.m */,
			);
			name = "Other Sources";
			sourceTree = "<group>";
		};
		29B97317FDCFA39411CA2CEA /* Resources */ = {
			isa = PBXGroup;
			children = (
				28AD733E0D9D9553002E5188 /* MainWindow.xib */,
				D05257131442B1ED003C300B /* iPhoneGeocodingServicesViewController.xib */,
				8D1107310486CEB800E47090 /* iPhoneGeocodingServices-Info.plist */,
				D096DD0114449CE300347A11 /* Icon@2x.png */,
			);
			name = Resources;
			sourceTree = "<group>";
		};
		29B97323FDCFA39411CA2CEA /* Frameworks */ = {
			isa = PBXGroup;
			children = (
				D0CD0228131A30260089C6F7 /* CoreLocation.framework */,
				1DF5F4DF0D08C38300B7A737 /* UIKit.framework */,
				1D30AB110D05D00D00671497 /* Foundation.framework */,
				288765A40DF7441C002DB57D /* CoreGraphics.framework */,
			);
			name = Frameworks;
			sourceTree = "<group>";
		};
		D0CD028D131A30700089C6F7 /* JSON */ = {
			isa = PBXGroup;
			children = (
				D0CD028E131A30700089C6F7 /* JSON.h */,
				D0CD028F131A30700089C6F7 /* NSObject+SBJSON.h */,
				D0CD0290131A30700089C6F7 /* NSObject+SBJSON.m */,
				D0CD0291131A30700089C6F7 /* NSString+SBJSON.h */,
				D0CD0292131A30700089C6F7 /* NSString+SBJSON.m */,
				D0CD0293131A30700089C6F7 /* SBJsonBase.h */,
				D0CD0294131A30700089C6F7 /* SBJsonBase.m */,
				D0CD0295131A30700089C6F7 /* SBJsonParser.h */,
				D0CD0296131A30700089C6F7 /* SBJsonParser.m */,
				D0CD0297131A30700089C6F7 /* SBJsonWriter.h */,
				D0CD0298131A30700089C6F7 /* SBJsonWriter.m */,
			);
			path = JSON;
			sourceTree = "<group>";
		};
		D0CD02A4131A307B0089C6F7 /* MJGeocodingServices */ = {
			isa = PBXGroup;
			children = (
				D0CD028D131A30700089C6F7 /* JSON */,
				D0CD028C131A30700089C6F7 /* MJGeocodingServices.h */,
				D0CD02BD131A32FF0089C6F7 /* Address.h */,
				D0CD02BE131A32FF0089C6F7 /* Address.m */,
				D05257021442A84F003C300B /* Place.h */,
				D05257031442A84F003C300B /* Place.m */,
				D0CD0299131A30700089C6F7 /* MJGeocoder.h */,
				D0CD029A131A30700089C6F7 /* MJGeocoder.m */,
				D0CD029B131A30700089C6F7 /* MJReverseGeocoder.h */,
				D0CD029C131A30700089C6F7 /* MJReverseGeocoder.m */,
				D05256F614429E9D003C300B /* MJPlacesFinder.h */,
				D05256F714429E9D003C300B /* MJPlacesFinder.m */,
			);
			name = MJGeocodingServices;
			sourceTree = "<group>";
		};
/* End PBXGroup section */

/* Begin PBXNativeTarget section */
		1D6058900D05DD3D006BFB54 /* iPhoneGeocodingServices */ = {
			isa = PBXNativeTarget;
			buildConfigurationList = 1D6058960D05DD3E006BFB54 /* Build configuration list for PBXNativeTarget "iPhoneGeocodingServices" */;
			buildPhases = (
				1D60588D0D05DD3D006BFB54 /* Resources */,
				1D60588E0D05DD3D006BFB54 /* Sources */,
				1D60588F0D05DD3D006BFB54 /* Frameworks */,
			);
			buildRules = (
			);
			dependencies = (
			);
			name = iPhoneGeocodingServices;
			productName = iPhoneGeocodingServices;
			productReference = 1D6058910D05DD3D006BFB54 /* iPhoneGeocodingServices.app */;
			productType = "com.apple.product-type.application";
		};
/* End PBXNativeTarget section */

/* Begin PBXProject section */
		29B97313FDCFA39411CA2CEA /* Project object */ = {
			isa = PBXProject;
			attributes = {
				LastUpgradeCheck = 0420;
				ORGANIZATIONNAME = "Mohammed Jisrawi";
			};
			buildConfigurationList = C01FCF4E08A954540054247B /* Build configuration list for PBXProject "iPhoneGeocodingServices" */;
			compatibilityVersion = "Xcode 3.2";
			developmentRegion = English;
			hasScannedForEncodings = 1;
			knownRegions = (
				English,
				Japanese,
				French,
				German,
			);
			mainGroup = 29B97314FDCFA39411CA2CEA /* CustomTemplate */;
			projectDirPath = "";
			projectRoot = "";
			targets = (
				1D6058900D05DD3D006BFB54 /* iPhoneGeocodingServices */,
			);
		};
/* End PBXProject section */

/* Begin PBXResourcesBuildPhase section */
		1D60588D0D05DD3D006BFB54 /* Resources */ = {
			isa = PBXResourcesBuildPhase;
			buildActionMask = 2147483647;
			files = (
				28AD733F0D9D9553002E5188 /* MainWindow.xib in Resources */,
				D05257151442B1ED003C300B /* iPhoneGeocodingServicesViewController.xib in Resources */,
				D096DD0214449CE300347A11 /* Icon@2x.png in Resources */,
			);
			runOnlyForDeploymentPostprocessing = 0;
		};
/* End PBXResourcesBuildPhase section */

/* Begin PBXSourcesBuildPhase section */
		1D60588E0D05DD3D006BFB54 /* Sources */ = {
			isa = PBXSourcesBuildPhase;
			buildActionMask = 2147483647;
			files = (
				1D60589B0D05DD56006BFB54 /* main.m in Sources */,
				1D3623260D0F684500981E51 /* iPhoneGeocodingServicesAppDelegate.m in Sources */,
				D0CD029D131A30700089C6F7 /* NSObject+SBJSON.m in Sources */,
				D0CD029E131A30700089C6F7 /* NSString+SBJSON.m in Sources */,
				D0CD029F131A30700089C6F7 /* SBJsonBase.m in Sources */,
				D0CD02A0131A30700089C6F7 /* SBJsonParser.m in Sources */,
				D0CD02A1131A30700089C6F7 /* SBJsonWriter.m in Sources */,
				D0CD02A2131A30700089C6F7 /* MJGeocoder.m in Sources */,
				D0CD02A3131A30700089C6F7 /* MJReverseGeocoder.m in Sources */,
				D0CD02BF131A32FF0089C6F7 /* Address.m in Sources */,
				D05256F814429E9D003C300B /* MJPlacesFinder.m in Sources */,
				D05257041442A84F003C300B /* Place.m in Sources */,
				D05257141442B1ED003C300B /* iPhoneGeocodingServicesViewController.m in Sources */,
			);
			runOnlyForDeploymentPostprocessing = 0;
		};
/* End PBXSourcesBuildPhase section */

/* Begin XCBuildConfiguration section */
		1D6058940D05DD3E006BFB54 /* Debug */ = {
			isa = XCBuildConfiguration;
			buildSettings = {
				ALWAYS_SEARCH_USER_PATHS = NO;
				COPY_PHASE_STRIP = NO;
				GCC_DYNAMIC_NO_PIC = NO;
				GCC_OPTIMIZATION_LEVEL = 0;
				GCC_PRECOMPILE_PREFIX_HEADER = YES;
				GCC_PREFIX_HEADER = iPhoneGeocodingServices_Prefix.pch;
				INFOPLIST_FILE = "iPhoneGeocodingServices-Info.plist";
				IPHONEOS_DEPLOYMENT_TARGET = 4.0;
				PRODUCT_NAME = iPhoneGeocodingServices;
			};
			name = Debug;
		};
		1D6058950D05DD3E006BFB54 /* Release */ = {
			isa = XCBuildConfiguration;
			buildSettings = {
				ALWAYS_SEARCH_USER_PATHS = NO;
				COPY_PHASE_STRIP = YES;
				GCC_PRECOMPILE_PREFIX_HEADER = YES;
				GCC_PREFIX_HEADER = iPhoneGeocodingServices_Prefix.pch;
				INFOPLIST_FILE = "iPhoneGeocodingServices-Info.plist";
				IPHONEOS_DEPLOYMENT_TARGET = 4.0;
				PRODUCT_NAME = iPhoneGeocodingServices;
				VALIDATE_PRODUCT = YES;
			};
			name = Release;
		};
		C01FCF4F08A954540054247B /* Debug */ = {
			isa = XCBuildConfiguration;
			buildSettings = {
				ARCHS = "$(ARCHS_STANDARD_32_BIT)";
				"CODE_SIGN_IDENTITY[sdk=iphoneos*]" = "iPhone Developer";
				GCC_C_LANGUAGE_STANDARD = c99;
				GCC_WARN_ABOUT_RETURN_TYPE = YES;
				GCC_WARN_UNUSED_VARIABLE = YES;
				SDKROOT = iphoneos;
			};
			name = Debug;
		};
		C01FCF5008A954540054247B /* Release */ = {
			isa = XCBuildConfiguration;
			buildSettings = {
				ARCHS = "$(ARCHS_STANDARD_32_BIT)";
				"CODE_SIGN_IDENTITY[sdk=iphoneos*]" = "iPhone Developer";
				GCC_C_LANGUAGE_STANDARD = c99;
				GCC_WARN_ABOUT_RETURN_TYPE = YES;
				GCC_WARN_UNUSED_VARIABLE = YES;
				OTHER_CFLAGS = "-DNS_BLOCK_ASSERTIONS=1";
				SDKROOT = iphoneos;
			};
			name = Release;
		};
/* End XCBuildConfiguration section */

/* Begin XCConfigurationList section */
		1D6058960D05DD3E006BFB54 /* Build configuration list for PBXNativeTarget "iPhoneGeocodingServices" */ = {
			isa = XCConfigurationList;
			buildConfigurations = (
				1D6058940D05DD3E006BFB54 /* Debug */,
				1D6058950D05DD3E006BFB54 /* Release */,
			);
			defaultConfigurationIsVisible = 0;
			defaultConfigurationName = Release;
		};
		C01FCF4E08A954540054247B /* Build configuration list for PBXProject "iPhoneGeocodingServices" */ = {
			isa = XCConfigurationList;
			buildConfigurations = (
				C01FCF4F08A954540054247B /* Debug */,
				C01FCF5008A954540054247B /* Release */,
			);
			defaultConfigurationIsVisible = 0;
			defaultConfigurationName = Release;
		};
/* End XCConfigurationList section */
	};
	rootObject = 29B97313FDCFA39411CA2CEA /* Project object */;
}
